// !$*UTF8*$!
{
	archiveVersion = 1;
	classes = {
	};
	objectVersion = 56;
	objects = {

/* Begin PBXBuildFile section */
		B00100000000000000000001 /* MyStuffApp.swift in Sources */ = {isa = PBXBuildFile; fileRef = F00100000000000000000001 /* MyStuffApp.swift */; };
		B00100000000000000000002 /* Category.swift in Sources */ = {isa = PBXBuildFile; fileRef = F00100000000000000000002 /* Category.swift */; };
		B00100000000000000000003 /* Item.swift in Sources */ = {isa = PBXBuildFile; fileRef = F00100000000000000000003 /* Item.swift */; };
		B00100000000000000000004 /* AppState.swift in Sources */ = {isa = PBXBuildFile; fileRef = F00100000000000000000004 /* AppState.swift */; };
		B00100000000000000000005 /* DriveService.swift in Sources */ = {isa = PBXBuildFile; fileRef = F00100000000000000000005 /* DriveService.swift */; };
		B00100000000000000000006 /* GoogleAuthService.swift in Sources */ = {isa = PBXBuildFile; fileRef = F00100000000000000000006 /* GoogleAuthService.swift */; };
		B00100000000000000000007 /* Session.swift in Sources */ = {isa = PBXBuildFile; fileRef = F00100000000000000000007 /* Session.swift */; };
		B00100000000000000000008 /* SheetsService.swift in Sources */ = {isa = PBXBuildFile; fileRef = F00100000000000000000008 /* SheetsService.swift */; };
		B00100000000000000000017 /* PageMetadataService.swift in Sources */ = {isa = PBXBuildFile; fileRef = F00100000000000000000017 /* PageMetadataService.swift */; };
		B0010000000000000000003A /* BrowserPriceService.swift in Sources */ = {isa = PBXBuildFile; fileRef = F00100000000000000000040 /* BrowserPriceService.swift */; };
		B00100000000000000000009 /* CategoriesViewModel.swift in Sources */ = {isa = PBXBuildFile; fileRef = F00100000000000000000009 /* CategoriesViewModel.swift */; };
		B0010000000000000000000A /* InventoryViewModel.swift in Sources */ = {isa = PBXBuildFile; fileRef = F0010000000000000000000A /* InventoryViewModel.swift */; };
		B0010000000000000000000B /* CategoriesView.swift in Sources */ = {isa = PBXBuildFile; fileRef = F0010000000000000000000B /* CategoriesView.swift */; };
		B0010000000000000000000C /* GalleryView.swift in Sources */ = {isa = PBXBuildFile; fileRef = F0010000000000000000000C /* GalleryView.swift */; };
		B0010000000000000000000D /* ItemDetailView.swift in Sources */ = {isa = PBXBuildFile; fileRef = F0010000000000000000000D /* ItemDetailView.swift */; };
		B00100000000000000000012 /* DriveImageView.swift in Sources */ = {isa = PBXBuildFile; fileRef = F00100000000000000000015 /* DriveImageView.swift */; };
		B0010000000000000000000E /* ItemFormView.swift in Sources */ = {isa = PBXBuildFile; fileRef = F0010000000000000000000E /* ItemFormView.swift */; };
		
		B0010000000000000000001A /* MacCameraCaptureView.swift in Sources */ = {isa = PBXBuildFile; fileRef = F0010000000000000000001A /* MacCameraCaptureView.swift */; };
		B0010000000000000000000F /* MainTabView.swift in Sources */ = {isa = PBXBuildFile; fileRef = F0010000000000000000000F /* MainTabView.swift */; };
		B00100000000000000000010 /* RootView.swift in Sources */ = {isa = PBXBuildFile; fileRef = F00100000000000000000010 /* RootView.swift */; };
		B00100000000000000000011 /* SignInView.swift in Sources */ = {isa = PBXBuildFile; fileRef = F00100000000000000000011 /* SignInView.swift */; };
		B00100000000000000000013 /* UserAvatarMenuView.swift in Sources */ = {isa = PBXBuildFile; fileRef = F00100000000000000000016 /* UserAvatarMenuView.swift */; };
		B00100000000000000000018 /* ItemsListView.swift in Sources */ = {isa = PBXBuildFile; fileRef = F00100000000000000000018 /* ItemsListView.swift */; };
		B00100000000000000000023 /* NSTextFieldFocusRing.swift in Sources */ = {isa = PBXBuildFile; fileRef = F0010000000000000000001B /* NSTextFieldFocusRing.swift */; };
		B00100000000000000000020 /* GoogleSignIn in Frameworks */ = {isa = PBXBuildFile; productRef = XGSPKG001GoogleSignIn00000001 /* GoogleSignIn */; };
		B00100000000000000000021 /* GoogleSignInSwift in Frameworks */ = {isa = PBXBuildFile; productRef = XGSPKG001GoogleSignIn00000002 /* GoogleSignInSwift */; };
		B00100000000000000000022 /* Assets.xcassets in Resources */ = {isa = PBXBuildFile; fileRef = F00100000000000000000013 /* Assets.xcassets */; };
		B00100000000000000000024 /* Location.swift in Sources */ = {isa = PBXBuildFile; fileRef = F0010000000000000000001C /* Location.swift */; };
		B00100000000000000000025 /* LocationsViewModel.swift in Sources */ = {isa = PBXBuildFile; fileRef = F0010000000000000000001D /* LocationsViewModel.swift */; };
		B00100000000000000000026 /* LocationsView.swift in Sources */ = {isa = PBXBuildFile; fileRef = F0010000000000000000001E /* LocationsView.swift */; };
		B00100000000000000000027 /* AmazonBrowserView.swift in Sources */ = {isa = PBXBuildFile; fileRef = F0010000000000000000001F /* AmazonBrowserView.swift */; };
		B00100000000000000000028 /* LoadingView.swift in Sources */ = {isa = PBXBuildFile; fileRef = F00100000000000000000020 /* LoadingView.swift */; };
		B00100000000000000000029 /* UserStore.swift in Sources */ = {isa = PBXBuildFile; fileRef = F00100000000000000000021 /* UserStore.swift */; };
		B0010000000000000000002A /* StoresViewModel.swift in Sources */ = {isa = PBXBuildFile; fileRef = F00100000000000000000022 /* StoresViewModel.swift */; };
		B0010000000000000000002B /* StoresView.swift in Sources */ = {isa = PBXBuildFile; fileRef = F00100000000000000000023 /* StoresView.swift */; };
		B0010000000000000000002C /* StoreIconView.swift in Sources */ = {isa = PBXBuildFile; fileRef = F00100000000000000000024 /* StoreIconView.swift */; };
		B0010000000000000000002D /* ImageBackgroundColorSampler.swift in Sources */ = {isa = PBXBuildFile; fileRef = F00100000000000000000025 /* ImageBackgroundColorSampler.swift */; };
		B0010000000000000000002E /* YouTubeSearchView.swift in Sources */ = {isa = PBXBuildFile; fileRef = F00100000000000000000026 /* YouTubeSearchView.swift */; };
		B0010000000000000000002F /* UserSource.swift in Sources */ = {isa = PBXBuildFile; fileRef = F00100000000000000000027 /* UserSource.swift */; };
		B00100000000000000000030 /* SourcesViewModel.swift in Sources */ = {isa = PBXBuildFile; fileRef = F00100000000000000000028 /* SourcesViewModel.swift */; };
		B00100000000000000000031 /* SourcesView.swift in Sources */ = {isa = PBXBuildFile; fileRef = F00100000000000000000029 /* SourcesView.swift */; };
		B00100000000000000000032 /* SourceBrowserView.swift in Sources */ = {isa = PBXBuildFile; fileRef = F0010000000000000000002A /* SourceBrowserView.swift */; };
		B00100000000000000000033 /* SourceIconView.swift in Sources */ = {isa = PBXBuildFile; fileRef = F0010000000000000000002B /* SourceIconView.swift */; };
		B00100000000000000000034 /* FaviconView.swift in Sources */ = {isa = PBXBuildFile; fileRef = F0010000000000000000002C /* FaviconView.swift */; };
		B00100000000000000000035 /* ExportService.swift in Sources */ = {isa = PBXBuildFile; fileRef = F0010000000000000000002D /* ExportService.swift */; };
		
		B00100000000000000000037 /* PDFExportBuilder.swift in Sources */ = {isa = PBXBuildFile; fileRef = F0010000000000000000002F /* PDFExportBuilder.swift */; };
		B00100000000000000000038 /* ItemAttachment.swift in Sources */ = {isa = PBXBuildFile; fileRef = F00100000000000000000038 /* ItemAttachment.swift */; };
		B00100000000000000000039 /* AttachmentsViewModel.swift in Sources */ = {isa = PBXBuildFile; fileRef = F00100000000000000000039 /* AttachmentsViewModel.swift */; };
		B0010000000000000000003B /* DocumentPreviewView.swift in Sources */ = {isa = PBXBuildFile; fileRef = F0010000000000000000003B /* DocumentPreviewView.swift */; };
		B0010000000000000000003C /* TagChipsView.swift in Sources */ = {isa = PBXBuildFile; fileRef = F0010000000000000000003C /* TagChipsView.swift */; };
		B0010000000000000000003D /* List.swift in Sources */ = {isa = PBXBuildFile; fileRef = F00100000000000000000041 /* List.swift */; };
		B0010000000000000000003E /* ListItem.swift in Sources */ = {isa = PBXBuildFile; fileRef = F00100000000000000000042 /* ListItem.swift */; };
		B0010000000000000000003F /* ListsViewModel.swift in Sources */ = {isa = PBXBuildFile; fileRef = F00100000000000000000043 /* ListsViewModel.swift */; };
		B00100000000000000000040 /* ListsView.swift in Sources */ = {isa = PBXBuildFile; fileRef = F00100000000000000000044 /* ListsView.swift */; };
		B00100000000000000000041 /* ListDetailView.swift in Sources */ = {isa = PBXBuildFile; fileRef = F00100000000000000000045 /* ListDetailView.swift */; };
		B00100000000000000000042 /* ItemSelectionView.swift in Sources */ = {isa = PBXBuildFile; fileRef = F00100000000000000000046 /* ItemSelectionView.swift */; };
		B00100000000000000000043 /* Combo.swift in Sources */ = {isa = PBXBuildFile; fileRef = F00100000000000000000047 /* Combo.swift */; };
		B00100000000000000000044 /* ComboItem.swift in Sources */ = {isa = PBXBuildFile; fileRef = F00100000000000000000048 /* ComboItem.swift */; };
		B00100000000000000000045 /* CombosViewModel.swift in Sources */ = {isa = PBXBuildFile; fileRef = F00100000000000000000049 /* CombosViewModel.swift */; };
		B00100000000000000000046 /* CombosView.swift in Sources */ = {isa = PBXBuildFile; fileRef = F00100000000000000000050 /* CombosView.swift */; };
		B00100000000000000000047 /* ComboDetailView.swift in Sources */ = {isa = PBXBuildFile; fileRef = F00100000000000000000051 /* ComboDetailView.swift */; };
		B00100000000000000000048 /* ComboPickerView.swift in Sources */ = {isa = PBXBuildFile; fileRef = F00100000000000000000052 /* ComboPickerView.swift */; };
		B00100000000000000000049 /* ComboItemSelectionView.swift in Sources */ = {isa = PBXBuildFile; fileRef = F00100000000000000000053 /* ComboItemSelectionView.swift */; };
/* End PBXBuildFile section */

/* Begin PBXFileReference section */
		F00100000000000000000001 /* MyStuffApp.swift */ = {isa = PBXFileReference; lastKnownFileType = sourcecode.swift; path = MyStuffApp.swift; sourceTree = "<group>"; };
		F00100000000000000000002 /* Category.swift */ = {isa = PBXFileReference; lastKnownFileType = sourcecode.swift; path = Category.swift; sourceTree = "<group>"; };
		F00100000000000000000003 /* Item.swift */ = {isa = PBXFileReference; lastKnownFileType = sourcecode.swift; path = Item.swift; sourceTree = "<group>"; };
		F00100000000000000000004 /* AppState.swift */ = {isa = PBXFileReference; lastKnownFileType = sourcecode.swift; path = AppState.swift; sourceTree = "<group>"; };
		F00100000000000000000005 /* DriveService.swift */ = {isa = PBXFileReference; lastKnownFileType = sourcecode.swift; path = DriveService.swift; sourceTree = "<group>"; };
		F00100000000000000000006 /* GoogleAuthService.swift */ = {isa = PBXFileReference; lastKnownFileType = sourcecode.swift; path = GoogleAuthService.swift; sourceTree = "<group>"; };
		F00100000000000000000007 /* Session.swift */ = {isa = PBXFileReference; lastKnownFileType = sourcecode.swift; path = Session.swift; sourceTree = "<group>"; };
		F00100000000000000000008 /* SheetsService.swift */ = {isa = PBXFileReference; lastKnownFileType = sourcecode.swift; path = SheetsService.swift; sourceTree = "<group>"; };
		F00100000000000000000017 /* PageMetadataService.swift */ = {isa = PBXFileReference; lastKnownFileType = sourcecode.swift; path = PageMetadataService.swift; sourceTree = "<group>"; };
		F00100000000000000000040 /* BrowserPriceService.swift */ = {isa = PBXFileReference; lastKnownFileType = sourcecode.swift; path = BrowserPriceService.swift; sourceTree = "<group>"; };
		F00100000000000000000009 /* CategoriesViewModel.swift */ = {isa = PBXFileReference; lastKnownFileType = sourcecode.swift; path = CategoriesViewModel.swift; sourceTree = "<group>"; };
		F0010000000000000000000A /* InventoryViewModel.swift */ = {isa = PBXFileReference; lastKnownFileType = sourcecode.swift; path = InventoryViewModel.swift; sourceTree = "<group>"; };
		F0010000000000000000000B /* CategoriesView.swift */ = {isa = PBXFileReference; lastKnownFileType = sourcecode.swift; path = CategoriesView.swift; sourceTree = "<group>"; };
		F0010000000000000000000C /* GalleryView.swift */ = {isa = PBXFileReference; lastKnownFileType = sourcecode.swift; path = GalleryView.swift; sourceTree = "<group>"; };
		F0010000000000000000000D /* ItemDetailView.swift */ = {isa = PBXFileReference; lastKnownFileType = sourcecode.swift; path = ItemDetailView.swift; sourceTree = "<group>"; };
		F00100000000000000000015 /* DriveImageView.swift */ = {isa = PBXFileReference; lastKnownFileType = sourcecode.swift; path = DriveImageView.swift; sourceTree = "<group>"; };
		F0010000000000000000000E /* ItemFormView.swift */ = {isa = PBXFileReference; lastKnownFileType = sourcecode.swift; path = ItemFormView.swift; sourceTree = "<group>"; };
		
		F0010000000000000000001A /* MacCameraCaptureView.swift */ = {isa = PBXFileReference; lastKnownFileType = sourcecode.swift; path = MacCameraCaptureView.swift; sourceTree = "<group>"; };
		F0010000000000000000000F /* MainTabView.swift */ = {isa = PBXFileReference; lastKnownFileType = sourcecode.swift; path = MainTabView.swift; sourceTree = "<group>"; };
		F00100000000000000000010 /* RootView.swift */ = {isa = PBXFileReference; lastKnownFileType = sourcecode.swift; path = RootView.swift; sourceTree = "<group>"; };
		F00100000000000000000011 /* SignInView.swift */ = {isa = PBXFileReference; lastKnownFileType = sourcecode.swift; path = SignInView.swift; sourceTree = "<group>"; };
		F00100000000000000000016 /* UserAvatarMenuView.swift */ = {isa = PBXFileReference; lastKnownFileType = sourcecode.swift; path = UserAvatarMenuView.swift; sourceTree = "<group>"; };
		F00100000000000000000018 /* ItemsListView.swift */ = {isa = PBXFileReference; lastKnownFileType = sourcecode.swift; path = ItemsListView.swift; sourceTree = "<group>"; };
		F0010000000000000000001B /* NSTextFieldFocusRing.swift */ = {isa = PBXFileReference; lastKnownFileType = sourcecode.swift; path = NSTextFieldFocusRing.swift; sourceTree = "<group>"; };
		F00100000000000000000012 /* MyStuff.app */ = {isa = PBXFileReference; explicitFileType = wrapper.application; includeInIndex = 0; path = MyStuff.app; sourceTree = BUILT_PRODUCTS_DIR; };
		F00100000000000000000013 /* Assets.xcassets */ = {isa = PBXFileReference; lastKnownFileType = folder.assetcatalog; path = Assets.xcassets; sourceTree = "<group>"; };
		F00100000000000000000014 /* MyStuff.entitlements */ = {isa = PBXFileReference; lastKnownFileType = text.plist.entitlements; path = MyStuff.entitlements; sourceTree = "<group>"; };
		F0010000000000000000001C /* Location.swift */ = {isa = PBXFileReference; lastKnownFileType = sourcecode.swift; path = Location.swift; sourceTree = "<group>"; };
		F0010000000000000000001D /* LocationsViewModel.swift */ = {isa = PBXFileReference; lastKnownFileType = sourcecode.swift; path = LocationsViewModel.swift; sourceTree = "<group>"; };
		F0010000000000000000001E /* LocationsView.swift */ = {isa = PBXFileReference; lastKnownFileType = sourcecode.swift; path = LocationsView.swift; sourceTree = "<group>"; };
		F0010000000000000000001F /* AmazonBrowserView.swift */ = {isa = PBXFileReference; lastKnownFileType = sourcecode.swift; path = AmazonBrowserView.swift; sourceTree = "<group>"; };
		F00100000000000000000020 /* LoadingView.swift */ = {isa = PBXFileReference; lastKnownFileType = sourcecode.swift; path = LoadingView.swift; sourceTree = "<group>"; };
		F00100000000000000000021 /* UserStore.swift */ = {isa = PBXFileReference; lastKnownFileType = sourcecode.swift; path = UserStore.swift; sourceTree = "<group>"; };
		F00100000000000000000022 /* StoresViewModel.swift */ = {isa = PBXFileReference; lastKnownFileType = sourcecode.swift; path = StoresViewModel.swift; sourceTree = "<group>"; };
		F00100000000000000000023 /* StoresView.swift */ = {isa = PBXFileReference; lastKnownFileType = sourcecode.swift; path = StoresView.swift; sourceTree = "<group>"; };
		F00100000000000000000024 /* StoreIconView.swift */ = {isa = PBXFileReference; lastKnownFileType = sourcecode.swift; path = StoreIconView.swift; sourceTree = "<group>"; };
		F00100000000000000000025 /* ImageBackgroundColorSampler.swift */ = {isa = PBXFileReference; lastKnownFileType = sourcecode.swift; path = ImageBackgroundColorSampler.swift; sourceTree = "<group>"; };
		F00100000000000000000026 /* YouTubeSearchView.swift */ = {isa = PBXFileReference; lastKnownFileType = sourcecode.swift; path = YouTubeSearchView.swift; sourceTree = "<group>"; };
		F00100000000000000000027 /* UserSource.swift */ = {isa = PBXFileReference; lastKnownFileType = sourcecode.swift; path = UserSource.swift; sourceTree = "<group>"; };
		F00100000000000000000028 /* SourcesViewModel.swift */ = {isa = PBXFileReference; lastKnownFileType = sourcecode.swift; path = SourcesViewModel.swift; sourceTree = "<group>"; };
		F00100000000000000000029 /* SourcesView.swift */ = {isa = PBXFileReference; lastKnownFileType = sourcecode.swift; path = SourcesView.swift; sourceTree = "<group>"; };
		F0010000000000000000002A /* SourceBrowserView.swift */ = {isa = PBXFileReference; lastKnownFileType = sourcecode.swift; path = SourceBrowserView.swift; sourceTree = "<group>"; };
		F0010000000000000000002B /* SourceIconView.swift */ = {isa = PBXFileReference; lastKnownFileType = sourcecode.swift; path = SourceIconView.swift; sourceTree = "<group>"; };
		F0010000000000000000002C /* FaviconView.swift */ = {isa = PBXFileReference; lastKnownFileType = sourcecode.swift; path = FaviconView.swift; sourceTree = "<group>"; };
		F0010000000000000000002D /* ExportService.swift */ = {isa = PBXFileReference; lastKnownFileType = sourcecode.swift; path = ExportService.swift; sourceTree = "<group>"; };
		
		F0010000000000000000002F /* PDFExportBuilder.swift */ = {isa = PBXFileReference; lastKnownFileType = sourcecode.swift; path = PDFExportBuilder.swift; sourceTree = "<group>"; };
		F00100000000000000000038 /* ItemAttachment.swift */ = {isa = PBXFileReference; lastKnownFileType = sourcecode.swift; path = ItemAttachment.swift; sourceTree = "<group>"; };
		F00100000000000000000039 /* AttachmentsViewModel.swift */ = {isa = PBXFileReference; lastKnownFileType = sourcecode.swift; path = AttachmentsViewModel.swift; sourceTree = "<group>"; };
		F0010000000000000000003B /* DocumentPreviewView.swift */ = {isa = PBXFileReference; lastKnownFileType = sourcecode.swift; path = DocumentPreviewView.swift; sourceTree = "<group>"; };
		F0010000000000000000003C /* TagChipsView.swift */ = {isa = PBXFileReference; lastKnownFileType = sourcecode.swift; path = TagChipsView.swift; sourceTree = "<group>"; };
		F00100000000000000000041 /* List.swift */ = {isa = PBXFileReference; lastKnownFileType = sourcecode.swift; path = List.swift; sourceTree = "<group>"; };
		F00100000000000000000042 /* ListItem.swift */ = {isa = PBXFileReference; lastKnownFileType = sourcecode.swift; path = ListItem.swift; sourceTree = "<group>"; };
		F00100000000000000000043 /* ListsViewModel.swift */ = {isa = PBXFileReference; lastKnownFileType = sourcecode.swift; path = ListsViewModel.swift; sourceTree = "<group>"; };
		F00100000000000000000044 /* ListsView.swift */ = {isa = PBXFileReference; lastKnownFileType = sourcecode.swift; path = ListsView.swift; sourceTree = "<group>"; };
		F00100000000000000000045 /* ListDetailView.swift */ = {isa = PBXFileReference; lastKnownFileType = sourcecode.swift; path = ListDetailView.swift; sourceTree = "<group>"; };
		F00100000000000000000046 /* ItemSelectionView.swift */ = {isa = PBXFileReference; lastKnownFileType = sourcecode.swift; path = ItemSelectionView.swift; sourceTree = "<group>"; };
		F00100000000000000000047 /* Combo.swift */ = {isa = PBXFileReference; lastKnownFileType = sourcecode.swift; path = Combo.swift; sourceTree = "<group>"; };
		F00100000000000000000048 /* ComboItem.swift */ = {isa = PBXFileReference; lastKnownFileType = sourcecode.swift; path = ComboItem.swift; sourceTree = "<group>"; };
		F00100000000000000000049 /* CombosViewModel.swift */ = {isa = PBXFileReference; lastKnownFileType = sourcecode.swift; path = CombosViewModel.swift; sourceTree = "<group>"; };
		F00100000000000000000050 /* CombosView.swift */ = {isa = PBXFileReference; lastKnownFileType = sourcecode.swift; path = CombosView.swift; sourceTree = "<group>"; };
		F00100000000000000000051 /* ComboDetailView.swift */ = {isa = PBXFileReference; lastKnownFileType = sourcecode.swift; path = ComboDetailView.swift; sourceTree = "<group>"; };
		F00100000000000000000052 /* ComboPickerView.swift */ = {isa = PBXFileReference; lastKnownFileType = sourcecode.swift; path = ComboPickerView.swift; sourceTree = "<group>"; };
		F00100000000000000000053 /* ComboItemSelectionView.swift */ = {isa = PBXFileReference; lastKnownFileType = sourcecode.swift; path = ComboItemSelectionView.swift; sourceTree = "<group>"; };
/* End PBXFileReference section */

/* Begin PBXFrameworksBuildPhase section */
		P00100000000000000000002 /* Frameworks */ = {
			isa = PBXFrameworksBuildPhase;
			buildActionMask = 2147483647;
			files = (
				B00100000000000000000020 /* GoogleSignIn in Frameworks */,
				B00100000000000000000021 /* GoogleSignInSwift in Frameworks */,
			);
			runOnlyForDeploymentPostprocessing = 0;
		};
/* End PBXFrameworksBuildPhase section */

/* Begin PBXGroup section */
		G00100000000000000000000 = {
			isa = PBXGroup;
			children = (
				G00100000000000000000005 /* MyStuff */,
				G00100000000000000000006 /* Products */,
			);
			sourceTree = "<group>";
		};
		G00100000000000000000001 /* Models */ = {
			isa = PBXGroup;
			children = (
				F00100000000000000000002 /* Category.swift */,
				F00100000000000000000003 /* Item.swift */,
				F00100000000000000000038 /* ItemAttachment.swift */,
				F0010000000000000000001C /* Location.swift */,
				F00100000000000000000021 /* UserStore.swift */,
				F00100000000000000000027 /* UserSource.swift */,
				F00100000000000000000041 /* List.swift */,
				F00100000000000000000042 /* ListItem.swift */,
				F00100000000000000000047 /* Combo.swift */,
				F00100000000000000000048 /* ComboItem.swift */,
			);
			path = Models;
			sourceTree = "<group>";
		};
		G00100000000000000000002 /* Services */ = {
			isa = PBXGroup;
			children = (
				F00100000000000000000004 /* AppState.swift */,
				F00100000000000000000005 /* DriveService.swift */,
				F0010000000000000000002D /* ExportService.swift */,
				F00100000000000000000006 /* GoogleAuthService.swift */,
				F00100000000000000000017 /* PageMetadataService.swift */,
				F00100000000000000000040 /* BrowserPriceService.swift */,
				F00100000000000000000007 /* Session.swift */,
				F00100000000000000000008 /* SheetsService.swift */,
			);
			path = Services;
			sourceTree = "<group>";
		};
		G00100000000000000000003 /* ViewModels */ = {
			isa = PBXGroup;
			children = (
				F00100000000000000000039 /* AttachmentsViewModel.swift */,
				F00100000000000000000009 /* CategoriesViewModel.swift */,
				F0010000000000000000000A /* InventoryViewModel.swift */,
				F0010000000000000000001D /* LocationsViewModel.swift */,
				F00100000000000000000022 /* StoresViewModel.swift */,
				F00100000000000000000028 /* SourcesViewModel.swift */,
				F00100000000000000000043 /* ListsViewModel.swift */,
				F00100000000000000000049 /* CombosViewModel.swift */,
			);
			path = ViewModels;
			sourceTree = "<group>";
		};
		G00100000000000000000004 /* Views */ = {
			isa = PBXGroup;
			children = (
				F0010000000000000000000B /* CategoriesView.swift */,
				F00100000000000000000015 /* DriveImageView.swift */,
				F0010000000000000000003B /* DocumentPreviewView.swift */,
				F0010000000000000000003C /* TagChipsView.swift */,
				F0010000000000000000002F /* PDFExportBuilder.swift */,
				F0010000000000000000000C /* GalleryView.swift */,
				F0010000000000000000000D /* ItemDetailView.swift */,
				F0010000000000000000000E /* ItemFormView.swift */,
				F0010000000000000000001A /* MacCameraCaptureView.swift */,
				F00100000000000000000018 /* ItemsListView.swift */,
				F0010000000000000000001E /* LocationsView.swift */,
				F0010000000000000000001F /* AmazonBrowserView.swift */,
				F00100000000000000000020 /* LoadingView.swift */,
				F00100000000000000000023 /* StoresView.swift */,
				F00100000000000000000024 /* StoreIconView.swift */,
				F00100000000000000000029 /* SourcesView.swift */,
				F0010000000000000000002A /* SourceBrowserView.swift */,
				F0010000000000000000002B /* SourceIconView.swift */,
				F0010000000000000000002C /* FaviconView.swift */,
				F00100000000000000000026 /* YouTubeSearchView.swift */,
				F0010000000000000000000F /* MainTabView.swift */,
				F00100000000000000000010 /* RootView.swift */,
				F00100000000000000000011 /* SignInView.swift */,
				F00100000000000000000016 /* UserAvatarMenuView.swift */,
				F00100000000000000000044 /* ListsView.swift */,
				F00100000000000000000045 /* ListDetailView.swift */,
				F00100000000000000000046 /* ItemSelectionView.swift */,
				F00100000000000000000050 /* CombosView.swift */,
				F00100000000000000000051 /* ComboDetailView.swift */,
				F00100000000000000000052 /* ComboPickerView.swift */,
				F00100000000000000000053 /* ComboItemSelectionView.swift */,
			);
			path = Views;
			sourceTree = "<group>";
		};
		G00100000000000000000007 /* Helpers */ = {
			isa = PBXGroup;
			children = (
				F00100000000000000000025 /* ImageBackgroundColorSampler.swift */,
			);
			path = Helpers;
			sourceTree = "<group>";
		};
		G00100000000000000000005 /* MyStuff */ = {
			isa = PBXGroup;
			children = (
				F00100000000000000000001 /* MyStuffApp.swift */,
				F0010000000000000000001B /* NSTextFieldFocusRing.swift */,
				F00100000000000000000013 /* Assets.xcassets */,
				F00100000000000000000014 /* MyStuff.entitlements */,
				G00100000000000000000007 /* Helpers */,
				G00100000000000000000001 /* Models */,
				G00100000000000000000002 /* Services */,
				G00100000000000000000003 /* ViewModels */,
				G00100000000000000000004 /* Views */,
			);
			path = MyStuff;
			sourceTree = "<group>";
		};
		G00100000000000000000006 /* Products */ = {
			isa = PBXGroup;
			children = (
				F00100000000000000000012 /* MyStuff.app */,
			);
			name = Products;
			sourceTree = "<group>";
		};
/* End PBXGroup section */

/* Begin PBXNativeTarget section */
		T00100000000000000000001 /* MyStuff */ = {
			isa = PBXNativeTarget;
			buildConfigurationList = C00100000000000000000002 /* Build configuration list for PBXNativeTarget "MyStuff" */;
			buildPhases = (
				P00100000000000000000001 /* Sources */,
				P00100000000000000000002 /* Frameworks */,
				P00100000000000000000003 /* Resources */,
			);
			buildRules = (
			);
			dependencies = (
			);
			name = MyStuff;
			packageProductDependencies = (
				XGSPKG001GoogleSignIn00000001 /* GoogleSignIn */,
				XGSPKG001GoogleSignIn00000002 /* GoogleSignInSwift */,
			);
			productName = MyStuff;
			productReference = F00100000000000000000012 /* MyStuff.app */;
			productType = "com.apple.product-type.application";
		};
/* End PBXNativeTarget section */

/* Begin PBXProject section */
		X00100000000000000000001 /* Project object */ = {
			isa = PBXProject;
			attributes = {
				BuildIndependentTargetsInParallel = 1;
				LastSwiftUpdateCheck = 1500;
				LastUpgradeCheck = 1500;
			};
			buildConfigurationList = C00100000000000000000001 /* Build configuration list for PBXProject "MyStuff" */;
			compatibilityVersion = "Xcode 14.0";
			developmentRegion = en;
			hasScannedForEncodings = 0;
			knownRegions = (
				en,
				Base,
			);
			mainGroup = G00100000000000000000000;
			packageReferences = (
				XCRemoteSwiftPkgGoogleSignIniOS001 /* XCRemoteSwiftPackageReference "GoogleSignIn-iOS" */,
			);
			productRefGroup = G00100000000000000000006 /* Products */;
			projectDirPath = "";
			projectRoot = "";
			targets = (
				T00100000000000000000001 /* MyStuff */,
			);
		};
/* End PBXProject section */

/* Begin PBXResourcesBuildPhase section */
		P00100000000000000000003 /* Resources */ = {
			isa = PBXResourcesBuildPhase;
			buildActionMask = 2147483647;
			files = (
				B00100000000000000000022 /* Assets.xcassets in Resources */,
			);
			runOnlyForDeploymentPostprocessing = 0;
		};
/* End PBXResourcesBuildPhase section */

/* Begin PBXSourcesBuildPhase section */
		P00100000000000000000001 /* Sources */ = {
			isa = PBXSourcesBuildPhase;
			buildActionMask = 2147483647;
			files = (
				B00100000000000000000001 /* MyStuffApp.swift in Sources */,
				B00100000000000000000002 /* Category.swift in Sources */,
				B00100000000000000000003 /* Item.swift in Sources */,
				B00100000000000000000004 /* AppState.swift in Sources */,
				B00100000000000000000005 /* DriveService.swift in Sources */,
				B00100000000000000000006 /* GoogleAuthService.swift in Sources */,
				B00100000000000000000007 /* Session.swift in Sources */,
				B00100000000000000000008 /* SheetsService.swift in Sources */,
				B00100000000000000000017 /* PageMetadataService.swift in Sources */,
				B0010000000000000000003A /* BrowserPriceService.swift in Sources */,
				B00100000000000000000009 /* CategoriesViewModel.swift in Sources */,
				B0010000000000000000000A /* InventoryViewModel.swift in Sources */,
				B0010000000000000000000B /* CategoriesView.swift in Sources */,
				B0010000000000000000000C /* GalleryView.swift in Sources */,
				B0010000000000000000000D /* ItemDetailView.swift in Sources */,
				B00100000000000000000012 /* DriveImageView.swift in Sources */,
				B0010000000000000000000E /* ItemFormView.swift in Sources */,
				B0010000000000000000001A /* MacCameraCaptureView.swift in Sources */,
				B00100000000000000000018 /* ItemsListView.swift in Sources */,
				B00100000000000000000023 /* NSTextFieldFocusRing.swift in Sources */,
				B0010000000000000000000F /* MainTabView.swift in Sources */,
				B00100000000000000000010 /* RootView.swift in Sources */,
				B00100000000000000000011 /* SignInView.swift in Sources */,
				B00100000000000000000013 /* UserAvatarMenuView.swift in Sources */,
				B00100000000000000000024 /* Location.swift in Sources */,
				B00100000000000000000025 /* LocationsViewModel.swift in Sources */,
				B00100000000000000000026 /* LocationsView.swift in Sources */,
				B00100000000000000000027 /* AmazonBrowserView.swift in Sources */,
				B00100000000000000000028 /* LoadingView.swift in Sources */,
				B00100000000000000000029 /* UserStore.swift in Sources */,
				B0010000000000000000002A /* StoresViewModel.swift in Sources */,
				B0010000000000000000002B /* StoresView.swift in Sources */,
				B0010000000000000000002C /* StoreIconView.swift in Sources */,
				B0010000000000000000002D /* ImageBackgroundColorSampler.swift in Sources */,
				B0010000000000000000002E /* YouTubeSearchView.swift in Sources */,
				B0010000000000000000002F /* UserSource.swift in Sources */,
				B00100000000000000000030 /* SourcesViewModel.swift in Sources */,
				B00100000000000000000031 /* SourcesView.swift in Sources */,
				B00100000000000000000032 /* SourceBrowserView.swift in Sources */,
				B00100000000000000000033 /* SourceIconView.swift in Sources */,
				B00100000000000000000034 /* FaviconView.swift in Sources */,
				B00100000000000000000035 /* ExportService.swift in Sources */,
				B00100000000000000000037 /* PDFExportBuilder.swift in Sources */,
				B00100000000000000000038 /* ItemAttachment.swift in Sources */,
				B00100000000000000000039 /* AttachmentsViewModel.swift in Sources */,
				B0010000000000000000003B /* DocumentPreviewView.swift in Sources */,
				B0010000000000000000003C /* TagChipsView.swift in Sources */,
				B0010000000000000000003D /* List.swift in Sources */,
				B0010000000000000000003E /* ListItem.swift in Sources */,
				B0010000000000000000003F /* ListsViewModel.swift in Sources */,
				B00100000000000000000040 /* ListsView.swift in Sources */,
				B00100000000000000000041 /* ListDetailView.swift in Sources */,
				B00100000000000000000042 /* ItemSelectionView.swift in Sources */,
				B00100000000000000000043 /* Combo.swift in Sources */,
				B00100000000000000000044 /* ComboItem.swift in Sources */,
				B00100000000000000000045 /* CombosViewModel.swift in Sources */,
				B00100000000000000000046 /* CombosView.swift in Sources */,
				B00100000000000000000047 /* ComboDetailView.swift in Sources */,
				B00100000000000000000048 /* ComboPickerView.swift in Sources */,
				B00100000000000000000049 /* ComboItemSelectionView.swift in Sources */,
			);
			runOnlyForDeploymentPostprocessing = 0;
		};
/* End PBXSourcesBuildPhase section */

/* Begin XCBuildConfiguration section */
		C00100000000000000000003 /* Debug */ = {
			isa = XCBuildConfiguration;
			buildSettings = {
				ALWAYS_SEARCH_USER_PATHS = NO;
				CLANG_ANALYZER_NONNULL = YES;
				CLANG_CXX_LANGUAGE_STANDARD = "gnu++20";
				COPY_PHASE_STRIP = NO;
				DEBUG_INFORMATION_FORMAT = dwarf;
				ENABLE_STRICT_OBJC_MSGSEND = YES;
				ENABLE_TESTABILITY = YES;
				GCC_OPTIMIZATION_LEVEL = 0;
				GCC_PREPROCESSOR_DEFINITIONS = (
					"DEBUG=1",
					"$(inherited)",
				);
				MTL_ENABLE_DEBUG_INFO = INCLUDE_SOURCE;
				MTL_FAST_MATH = YES;
				ONLY_ACTIVE_ARCH = YES;
				SDKROOT = auto;
				SWIFT_ACTIVE_COMPILATION_CONDITIONS = "DEBUG $(inherited)";
			};
			name = Debug;
		};
		C00100000000000000000004 /* Release */ = {
			isa = XCBuildConfiguration;
			buildSettings = {
				ALWAYS_SEARCH_USER_PATHS = NO;
				CLANG_ANALYZER_NONNULL = YES;
				CLANG_CXX_LANGUAGE_STANDARD = "gnu++20";
				COPY_PHASE_STRIP = NO;
				DEBUG_INFORMATION_FORMAT = "dwarf-with-dsym";
				ENABLE_NS_ASSERTIONS = NO;
				ENABLE_STRICT_OBJC_MSGSEND = YES;
				GCC_OPTIMIZATION_LEVEL = s;
				MTL_ENABLE_DEBUG_INFO = NO;
				MTL_FAST_MATH = YES;
				SDKROOT = auto;
				SWIFT_COMPILATION_MODE = wholemodule;
				VALIDATE_PRODUCT = YES;
			};
			name = Release;
		};
		C00100000000000000000005 /* Debug */ = {
			isa = XCBuildConfiguration;
			buildSettings = {
				ASSETCATALOG_COMPILER_APPICON_NAME = AppIcon;
				ASSETCATALOG_COMPILER_GLOBAL_ACCENT_COLOR_NAME = AccentColor;
				CODE_SIGN_ENTITLEMENTS = MyStuff/MyStuff.entitlements;
				CODE_SIGN_IDENTITY = "Apple Development";
				CODE_SIGN_STYLE = Automatic;
				CURRENT_PROJECT_VERSION = 1;
				DEVELOPMENT_ASSET_PATHS = "";
				DEVELOPMENT_TEAM = L865AN8S69;
				ENABLE_PREVIEWS = YES;
				GENERATE_INFOPLIST_FILE = YES;
				INFOPLIST_FILE = MyStuff/Info.plist;
				INFOPLIST_KEY_CFBundleDisplayName = MyStuff;
				INFOPLIST_KEY_NSHumanReadableCopyright = "";
				LD_RUNPATH_SEARCH_PATHS = (
					"$(inherited)",
					"@executable_path/../Frameworks",
				);
				MARKETING_VERSION = 1.0;
				PRODUCT_BUNDLE_IDENTIFIER = com.mystuff.inventory;
				PRODUCT_NAME = "$(TARGET_NAME)";
				PROVISIONING_PROFILE_SPECIFIER = "";
				SUPPORTED_PLATFORMS = macosx;
				SUPPORTS_MACCATALYST = NO;
				SWIFT_EMIT_LOC_STRINGS = YES;
				SWIFT_VERSION = 5.0;
				/* TARGETED_DEVICE_FAMILY removed: macOS-only app */
			};
			name = Debug;
		};
		C00100000000000000000006 /* Release */ = {
			isa = XCBuildConfiguration;
			buildSettings = {
				ASSETCATALOG_COMPILER_APPICON_NAME = AppIcon;
				ASSETCATALOG_COMPILER_GLOBAL_ACCENT_COLOR_NAME = AccentColor;
				CODE_SIGN_ENTITLEMENTS = MyStuff/MyStuff.entitlements;
				CODE_SIGN_IDENTITY = "Apple Development";
				CODE_SIGN_STYLE = Automatic;
				CURRENT_PROJECT_VERSION = 1;
				DEVELOPMENT_ASSET_PATHS = "";
				DEVELOPMENT_TEAM = L865AN8S69;
				ENABLE_PREVIEWS = YES;
				GENERATE_INFOPLIST_FILE = YES;
				INFOPLIST_FILE = MyStuff/Info.plist;
				INFOPLIST_KEY_CFBundleDisplayName = MyStuff;
				INFOPLIST_KEY_NSHumanReadableCopyright = "";
				LD_RUNPATH_SEARCH_PATHS = (
					"$(inherited)",
					"@executable_path/../Frameworks",
				);
				MARKETING_VERSION = 1.0;
				PRODUCT_BUNDLE_IDENTIFIER = com.mystuff.inventory;
				PRODUCT_NAME = "$(TARGET_NAME)";
				PROVISIONING_PROFILE_SPECIFIER = "";
				SUPPORTED_PLATFORMS = macosx;
				SUPPORTS_MACCATALYST = NO;
				SWIFT_EMIT_LOC_STRINGS = YES;
				SWIFT_VERSION = 5.0;
				/* TARGETED_DEVICE_FAMILY removed: macOS-only app */
			};
			name = Release;
		};
/* End XCBuildConfiguration section */

/* Begin XCConfigurationList section */
		C00100000000000000000001 /* Build configuration list for PBXProject "MyStuff" */ = {
			isa = XCConfigurationList;
			buildConfigurations = (
				C00100000000000000000003 /* Debug */,
				C00100000000000000000004 /* Release */,
			);
			defaultConfigurationIsVisible = 0;
			defaultConfigurationName = Release;
		};
		C00100000000000000000002 /* Build configuration list for PBXNativeTarget "MyStuff" */ = {
			isa = XCConfigurationList;
			buildConfigurations = (
				C00100000000000000000005 /* Debug */,
				C00100000000000000000006 /* Release */,
			);
			defaultConfigurationIsVisible = 0;
			defaultConfigurationName = Release;
		};
/* End XCConfigurationList section */

/* Begin XCRemoteSwiftPackageReference section */
		XCRemoteSwiftPkgGoogleSignIniOS001 /* XCRemoteSwiftPackageReference "GoogleSignIn-iOS" */ = {
			isa = XCRemoteSwiftPackageReference;
			repositoryURL = "https://github.com/google/GoogleSignIn-iOS";
			requirement = {
				kind = upToNextMajorVersion;
				minimumVersion = 9.0.0;
			};
		};
/* End XCRemoteSwiftPackageReference section */

/* Begin XCSwiftPackageProductDependency section */
		XGSPKG001GoogleSignIn00000001 /* GoogleSignIn */ = {
			isa = XCSwiftPackageProductDependency;
			package = XCRemoteSwiftPkgGoogleSignIniOS001 /* XCRemoteSwiftPackageReference "GoogleSignIn-iOS" */;
			productName = GoogleSignIn;
		};
		XGSPKG001GoogleSignIn00000002 /* GoogleSignInSwift */ = {
			isa = XCSwiftPackageProductDependency;
			package = XCRemoteSwiftPkgGoogleSignIniOS001 /* XCRemoteSwiftPackageReference "GoogleSignIn-iOS" */;
			productName = GoogleSignInSwift;
		};
/* End XCSwiftPackageProductDependency section */
	};
	rootObject = X00100000000000000000001 /* Project object */;
}
